
Microsoft Visual Studio Solution File, Format Version 12.00
# Visual Studio Version 16
VisualStudioVersion = 16.0.30804.86
MinimumVisualStudioVersion = 15.0.26124.0
Project("{9A19103F-16F7-4668-BE54-9A1E7A4F7556}") = "NCloud.Client", "NCloud.Client\NCloud.Client.csproj", "{E67B8489-BFC9-4031-8929-D1D680B0D00B}"
EndProject
Project("{9A19103F-16F7-4668-BE54-9A1E7A4F7556}") = "NCloud.Shared", "NCloud.Shared\NCloud.Shared.csproj", "{AC34F97E-00C7-4140-B51F-5D3353699120}"
EndProject
Project("{9A19103F-16F7-4668-BE54-9A1E7A4F7556}") = "NCloud.Server", "NCloud.Server\NCloud.Server.csproj", "{B6D2F6C1-F671-4669-8170-65BB97FC8636}"
EndProject
Project("{9A19103F-16F7-4668-BE54-9A1E7A4F7556}") = "NCloud.Client.Test", "..\test\NCloud.Client.Test\NCloud.Client.Test.csproj", "{FA5EB7F8-8C34-4D28-9A7C-E80663A5BB5B}"
EndProject
Project("{2150E333-8FDC-42A3-9474-1A3956D46DE8}") = "Test", "Test", "{5B9D9CA2-0B5B-4115-BBD0-F12FB2835F66}"
EndProject
Project("{2150E333-8FDC-42A3-9474-1A3956D46DE8}") = "Plugins", "Plugins", "{534D1CCB-4889-4C3A-A39E-53FAE64989C3}"
EndProject
Project("{9A19103F-16F7-4668-BE54-9A1E7A4F7556}") = "NCloud.Plugins.Driver.Google", "..\Plugins\NCloud.Extensions.Driver.Google\NCloud.Plugins.Driver.Google.csproj", "{8546C1B3-619A-45EF-B8DB-2FFDFB792548}"
EndProject
Project("{9A19103F-16F7-4668-BE54-9A1E7A4F7556}") = "NCloud.Core", "NCloud.Core\NCloud.Core.csproj", "{CEACAA50-CB46-477A-AD8A-1857FB9A3B72}"
EndProject
Project("{2150E333-8FDC-42A3-9474-1A3956D46DE8}") = "Solution Items", "Solution Items", "{68108E39-3A32-4395-B0CF-F136D773618A}"
	ProjectSection(SolutionItems) = preProject
		NCloud.header = NCloud.header
	EndProjectSection
EndProject
Project("{FAE04EC0-301F-11D3-BF4B-00C04F79EFBC}") = "NCloud.Server.Test", "..\test\NCloud.Server.Test\NCloud.Server.Test.csproj", "{B455E4AD-473A-4ECF-87A6-A99EC6D15696}"
EndProject
Global
	GlobalSection(SolutionConfigurationPlatforms) = preSolution
		Debug|Any CPU = Debug|Any CPU
		Debug|x64 = Debug|x64
		Debug|x86 = Debug|x86
		Release|Any CPU = Release|Any CPU
		Release|x64 = Release|x64
		Release|x86 = Release|x86
	EndGlobalSection
	GlobalSection(ProjectConfigurationPlatforms) = postSolution
		{E67B8489-BFC9-4031-8929-D1D680B0D00B}.Debug|Any CPU.ActiveCfg = Debug|Any CPU
		{E67B8489-BFC9-4031-8929-D1D680B0D00B}.Debug|Any CPU.Build.0 = Debug|Any CPU
		{E67B8489-BFC9-4031-8929-D1D680B0D00B}.Debug|x64.ActiveCfg = Debug|Any CPU
		{E67B8489-BFC9-4031-8929-D1D680B0D00B}.Debug|x64.Build.0 = Debug|Any CPU
		{E67B8489-BFC9-4031-8929-D1D680B0D00B}.Debug|x86.ActiveCfg = Debug|Any CPU
		{E67B8489-BFC9-4031-8929-D1D680B0D00B}.Debug|x86.Build.0 = Debug|Any CPU
		{E67B8489-BFC9-4031-8929-D1D680B0D00B}.Release|Any CPU.ActiveCfg = Release|Any CPU
		{E67B8489-BFC9-4031-8929-D1D680B0D00B}.Release|Any CPU.Build.0 = Release|Any CPU
		{E67B8489-BFC9-4031-8929-D1D680B0D00B}.Release|x64.ActiveCfg = Release|Any CPU
		{E67B8489-BFC9-4031-8929-D1D680B0D00B}.Release|x64.Build.0 = Release|Any CPU
		{E67B8489-BFC9-4031-8929-D1D680B0D00B}.Release|x86.ActiveCfg = Release|Any CPU
		{E67B8489-BFC9-4031-8929-D1D680B0D00B}.Release|x86.Build.0 = Release|Any CPU
		{AC34F97E-00C7-4140-B51F-5D3353699120}.Debug|Any CPU.ActiveCfg = Debug|Any CPU
		{AC34F97E-00C7-4140-B51F-5D3353699120}.Debug|Any CPU.Build.0 = Debug|Any CPU
		{AC34F97E-00C7-4140-B51F-5D3353699120}.Debug|x64.ActiveCfg = Debug|Any CPU
		{AC34F97E-00C7-4140-B51F-5D3353699120}.Debug|x64.Build.0 = Debug|Any CPU
		{AC34F97E-00C7-4140-B51F-5D3353699120}.Debug|x86.ActiveCfg = Debug|Any CPU
		{AC34F97E-00C7-4140-B51F-5D3353699120}.Debug|x86.Build.0 = Debug|Any CPU
		{AC34F97E-00C7-4140-B51F-5D3353699120}.Release|Any CPU.ActiveCfg = Release|Any CPU
		{AC34F97E-00C7-4140-B51F-5D3353699120}.Release|Any CPU.Build.0 = Release|Any CPU
		{AC34F97E-00C7-4140-B51F-5D3353699120}.Release|x64.ActiveCfg = Release|Any CPU
		{AC34F97E-00C7-4140-B51F-5D3353699120}.Release|x64.Build.0 = Release|Any CPU
		{AC34F97E-00C7-4140-B51F-5D3353699120}.Release|x86.ActiveCfg = Release|Any CPU
		{AC34F97E-00C7-4140-B51F-5D3353699120}.Release|x86.Build.0 = Release|Any CPU
		{B6D2F6C1-F671-4669-8170-65BB97FC8636}.Debug|Any CPU.ActiveCfg = Debug|Any CPU
		{B6D2F6C1-F671-4669-8170-65BB97FC8636}.Debug|Any CPU.Build.0 = Debug|Any CPU
		{B6D2F6C1-F671-4669-8170-65BB97FC8636}.Debug|x64.ActiveCfg = Debug|Any CPU
		{B6D2F6C1-F671-4669-8170-65BB97FC8636}.Debug|x64.Build.0 = Debug|Any CPU
		{B6D2F6C1-F671-4669-8170-65BB97FC8636}.Debug|x86.ActiveCfg = Debug|Any CPU
		{B6D2F6C1-F671-4669-8170-65BB97FC8636}.Debug|x86.Build.0 = Debug|Any CPU
		{B6D2F6C1-F671-4669-8170-65BB97FC8636}.Release|Any CPU.ActiveCfg = Release|Any CPU
		{B6D2F6C1-F671-4669-8170-65BB97FC8636}.Release|Any CPU.Build.0 = Release|Any CPU
		{B6D2F6C1-F671-4669-8170-65BB97FC8636}.Release|x64.ActiveCfg = Release|Any CPU
		{B6D2F6C1-F671-4669-8170-65BB97FC8636}.Release|x64.Build.0 = Release|Any CPU
		{B6D2F6C1-F671-4669-8170-65BB97FC8636}.Release|x86.ActiveCfg = Release|Any CPU
		{B6D2F6C1-F671-4669-8170-65BB97FC8636}.Release|x86.Build.0 = Release|Any CPU
		{FA5EB7F8-8C34-4D28-9A7C-E80663A5BB5B}.Debug|Any CPU.ActiveCfg = Debug|Any CPU
		{FA5EB7F8-8C34-4D28-9A7C-E80663A5BB5B}.Debug|Any CPU.Build.0 = Debug|Any CPU
		{FA5EB7F8-8C34-4D28-9A7C-E80663A5BB5B}.Debug|x64.ActiveCfg = Debug|Any CPU
		{FA5EB7F8-8C34-4D28-9A7C-E80663A5BB5B}.Debug|x64.Build.0 = Debug|Any CPU
		{FA5EB7F8-8C34-4D28-9A7C-E80663A5BB5B}.Debug|x86.ActiveCfg = Debug|Any CPU
		{FA5EB7F8-8C34-4D28-9A7C-E80663A5BB5B}.Debug|x86.Build.0 = Debug|Any CPU
		{FA5EB7F8-8C34-4D28-9A7C-E80663A5BB5B}.Release|Any CPU.ActiveCfg = Release|Any CPU
		{FA5EB7F8-8C34-4D28-9A7C-E80663A5BB5B}.Release|Any CPU.Build.0 = Release|Any CPU
		{FA5EB7F8-8C34-4D28-9A7C-E80663A5BB5B}.Release|x64.ActiveCfg = Release|Any CPU
		{FA5EB7F8-8C34-4D28-9A7C-E80663A5BB5B}.Release|x64.Build.0 = Release|Any CPU
		{FA5EB7F8-8C34-4D28-9A7C-E80663A5BB5B}.Release|x86.ActiveCfg = Release|Any CPU
		{FA5EB7F8-8C34-4D28-9A7C-E80663A5BB5B}.Release|x86.Build.0 = Release|Any CPU
		{8546C1B3-619A-45EF-B8DB-2FFDFB792548}.Debug|Any CPU.ActiveCfg = Debug|Any CPU
		{8546C1B3-619A-45EF-B8DB-2FFDFB792548}.Debug|Any CPU.Build.0 = Debug|Any CPU
		{8546C1B3-619A-45EF-B8DB-2FFDFB792548}.Debug|x64.ActiveCfg = Debug|Any CPU
		{8546C1B3-619A-45EF-B8DB-2FFDFB792548}.Debug|x64.Build.0 = Debug|Any CPU
		{8546C1B3-619A-45EF-B8DB-2FFDFB792548}.Debug|x86.ActiveCfg = Debug|Any CPU
		{8546C1B3-619A-45EF-B8DB-2FFDFB792548}.Debug|x86.Build.0 = Debug|Any CPU
		{8546C1B3-619A-45EF-B8DB-2FFDFB792548}.Release|Any CPU.ActiveCfg = Release|Any CPU
		{8546C1B3-619A-45EF-B8DB-2FFDFB792548}.Release|Any CPU.Build.0 = Release|Any CPU
		{8546C1B3-619A-45EF-B8DB-2FFDFB792548}.Release|x64.ActiveCfg = Release|Any CPU
		{8546C1B3-619A-45EF-B8DB-2FFDFB792548}.Release|x64.Build.0 = Release|Any CPU
		{8546C1B3-619A-45EF-B8DB-2FFDFB792548}.Release|x86.ActiveCfg = Release|Any CPU
		{8546C1B3-619A-45EF-B8DB-2FFDFB792548}.Release|x86.Build.0 = Release|Any CPU
		{CEACAA50-CB46-477A-AD8A-1857FB9A3B72}.Debug|Any CPU.ActiveCfg = Debug|Any CPU
		{CEACAA50-CB46-477A-AD8A-1857FB9A3B72}.Debug|Any CPU.Build.0 = Debug|Any CPU
		{CEACAA50-CB46-477A-AD8A-1857FB9A3B72}.Debug|x64.ActiveCfg = Debug|Any CPU
		{CEACAA50-CB46-477A-AD8A-1857FB9A3B72}.Debug|x64.Build.0 = Debug|Any CPU
		{CEACAA50-CB46-477A-AD8A-1857FB9A3B72}.Debug|x86.ActiveCfg = Debug|Any CPU
		{CEACAA50-CB46-477A-AD8A-1857FB9A3B72}.Debug|x86.Build.0 = Debug|Any CPU
		{CEACAA50-CB46-477A-AD8A-1857FB9A3B72}.Release|Any CPU.ActiveCfg = Release|Any CPU
		{CEACAA50-CB46-477A-AD8A-1857FB9A3B72}.Release|Any CPU.Build.0 = Release|Any CPU
		{CEACAA50-CB46-477A-AD8A-1857FB9A3B72}.Release|x64.ActiveCfg = Release|Any CPU
		{CEACAA50-CB46-477A-AD8A-1857FB9A3B72}.Release|x64.Build.0 = Release|Any CPU
		{CEACAA50-CB46-477A-AD8A-1857FB9A3B72}.Release|x86.ActiveCfg = Release|Any CPU
		{CEACAA50-CB46-477A-AD8A-1857FB9A3B72}.Release|x86.Build.0 = Release|Any CPU
		{B455E4AD-473A-4ECF-87A6-A99EC6D15696}.Debug|Any CPU.ActiveCfg = Debug|Any CPU
		{B455E4AD-473A-4ECF-87A6-A99EC6D15696}.Debug|Any CPU.Build.0 = Debug|Any CPU
		{B455E4AD-473A-4ECF-87A6-A99EC6D15696}.Debug|x64.ActiveCfg = Debug|Any CPU
		{B455E4AD-473A-4ECF-87A6-A99EC6D15696}.Debug|x64.Build.0 = Debug|Any CPU
		{B455E4AD-473A-4ECF-87A6-A99EC6D15696}.Debug|x86.ActiveCfg = Debug|Any CPU
		{B455E4AD-473A-4ECF-87A6-A99EC6D15696}.Debug|x86.Build.0 = Debug|Any CPU
		{B455E4AD-473A-4ECF-87A6-A99EC6D15696}.Release|Any CPU.ActiveCfg = Release|Any CPU
		{B455E4AD-473A-4ECF-87A6-A99EC6D15696}.Release|Any CPU.Build.0 = Release|Any CPU
		{B455E4AD-473A-4ECF-87A6-A99EC6D15696}.Release|x64.ActiveCfg = Release|Any CPU
		{B455E4AD-473A-4ECF-87A6-A99EC6D15696}.Release|x64.Build.0 = Release|Any CPU
		{B455E4AD-473A-4ECF-87A6-A99EC6D15696}.Release|x86.ActiveCfg = Release|Any CPU
		{B455E4AD-473A-4ECF-87A6-A99EC6D15696}.Release|x86.Build.0 = Release|Any CPU
	EndGlobalSection
	GlobalSection(SolutionProperties) = preSolution
		HideSolutionNode = FALSE
	EndGlobalSection
	GlobalSection(NestedProjects) = preSolution
		{FA5EB7F8-8C34-4D28-9A7C-E80663A5BB5B} = {5B9D9CA2-0B5B-4115-BBD0-F12FB2835F66}
		{8546C1B3-619A-45EF-B8DB-2FFDFB792548} = {534D1CCB-4889-4C3A-A39E-53FAE64989C3}
		{B455E4AD-473A-4ECF-87A6-A99EC6D15696} = {5B9D9CA2-0B5B-4115-BBD0-F12FB2835F66}
	EndGlobalSection
	GlobalSection(ExtensibilityGlobals) = postSolution
		SolutionGuid = {1F994BD8-2F98-47CD-AF78-308FFF268208}
	EndGlobalSection
EndGlobal
